// !$*UTF8*$!
{
	archiveVersion = 1;
	classes = {
	};
	objectVersion = 52;
	objects = {

/* Begin PBXBuildFile section */
		2697DBE22543B0D200020318 /* FeedReadApp.swift in Sources */ = {isa = PBXBuildFile; fileRef = 2697DBE12543B0D200020318 /* FeedReadApp.swift */; };
		2697DBE42543B0D200020318 /* ContentView.swift in Sources */ = {isa = PBXBuildFile; fileRef = 2697DBE32543B0D200020318 /* ContentView.swift */; };
		2697DBE62543B0D300020318 /* Assets.xcassets in Resources */ = {isa = PBXBuildFile; fileRef = 2697DBE52543B0D300020318 /* Assets.xcassets */; };
		2697DBE92543B0D300020318 /* Preview Assets.xcassets in Resources */ = {isa = PBXBuildFile; fileRef = 2697DBE82543B0D300020318 /* Preview Assets.xcassets */; };
		2697DBF92543B0E500020318 /* FeedList.swift in Sources */ = {isa = PBXBuildFile; fileRef = 2697DBF32543B0E500020318 /* FeedList.swift */; };
		2697DBFA2543B0E500020318 /* Links.swift in Sources */ = {isa = PBXBuildFile; fileRef = 2697DBF42543B0E500020318 /* Links.swift */; };
		2697DBFB2543B0E500020318 /* FeedReader.swift in Sources */ = {isa = PBXBuildFile; fileRef = 2697DBF52543B0E500020318 /* FeedReader.swift */; };
		2697DBFC2543B0E500020318 /* FeedArticle.swift in Sources */ = {isa = PBXBuildFile; fileRef = 2697DBF62543B0E500020318 /* FeedArticle.swift */; };
		2697DBFD2543B0E500020318 /* Feed.swift in Sources */ = {isa = PBXBuildFile; fileRef = 2697DBF72543B0E500020318 /* Feed.swift */; };
		2697DBFE2543B0E500020318 /* sample_feed.json in Resources */ = {isa = PBXBuildFile; fileRef = 2697DBF82543B0E500020318 /* sample_feed.json */; };
		2697DC022543B1DE00020318 /* FeedKit in Frameworks */ = {isa = PBXBuildFile; productRef = 2697DC012543B1DE00020318 /* FeedKit */; };
/* End PBXBuildFile section */

/* Begin PBXFileReference section */
		2697DBDE2543B0D200020318 /* FeedRead.app */ = {isa = PBXFileReference; explicitFileType = wrapper.application; includeInIndex = 0; path = FeedRead.app; sourceTree = BUILT_PRODUCTS_DIR; };
		2697DBE12543B0D200020318 /* FeedReadApp.swift */ = {isa = PBXFileReference; lastKnownFileType = sourcecode.swift; path = FeedReadApp.swift; sourceTree = "<group>"; };
		2697DBE32543B0D200020318 /* ContentView.swift */ = {isa = PBXFileReference; lastKnownFileType = sourcecode.swift; path = ContentView.swift; sourceTree = "<group>"; };
		2697DBE52543B0D300020318 /* Assets.xcassets */ = {isa = PBXFileReference; lastKnownFileType = folder.assetcatalog; path = Assets.xcassets; sourceTree = "<group>"; };
		2697DBE82543B0D300020318 /* Preview Assets.xcassets */ = {isa = PBXFileReference; lastKnownFileType = folder.assetcatalog; path = "Preview Assets.xcassets"; sourceTree = "<group>"; };
		2697DBEA2543B0D300020318 /* Info.plist */ = {isa = PBXFileReference; lastKnownFileType = text.plist.xml; path = Info.plist; sourceTree = "<group>"; };
		2697DBEB2543B0D300020318 /* FeedRead.entitlements */ = {isa = PBXFileReference; lastKnownFileType = text.plist.entitlements; path = FeedRead.entitlements; sourceTree = "<group>"; };
		2697DBF32543B0E500020318 /* FeedList.swift */ = {isa = PBXFileReference; fileEncoding = 4; lastKnownFileType = sourcecode.swift; path = FeedList.swift; sourceTree = "<group>"; };
		2697DBF42543B0E500020318 /* Links.swift */ = {isa = PBXFileReference; fileEncoding = 4; lastKnownFileType = sourcecode.swift; path = Links.swift; sourceTree = "<group>"; };
		2697DBF52543B0E500020318 /* FeedReader.swift */ = {isa = PBXFileReference; fileEncoding = 4; lastKnownFileType = sourcecode.swift; path = FeedReader.swift; sourceTree = "<group>"; };
		2697DBF62543B0E500020318 /* FeedArticle.swift */ = {isa = PBXFileReference; fileEncoding = 4; lastKnownFileType = sourcecode.swift; path = FeedArticle.swift; sourceTree = "<group>"; };
		2697DBF72543B0E500020318 /* Feed.swift */ = {isa = PBXFileReference; fileEncoding = 4; lastKnownFileType = sourcecode.swift; path = Feed.swift; sourceTree = "<group>"; };
		2697DBF82543B0E500020318 /* sample_feed.json */ = {isa = PBXFileReference; fileEncoding = 4; lastKnownFileType = text.json; path = sample_feed.json; sourceTree = "<group>"; };
/* End PBXFileReference section */

/* Begin PBXFrameworksBuildPhase section */
		2697DBDB2543B0D200020318 /* Frameworks */ = {
			isa = PBXFrameworksBuildPhase;
			buildActionMask = 2147483647;
			files = (
				2697DC022543B1DE00020318 /* FeedKit in Frameworks */,
			);
			runOnlyForDeploymentPostprocessing = 0;
		};
/* End PBXFrameworksBuildPhase section */

/* Begin PBXGroup section */
		2697DBD52543B0D200020318 = {
			isa = PBXGroup;
			children = (
				2697DBE02543B0D200020318 /* FeedRead */,
				2697DBDF2543B0D200020318 /* Products */,
			);
			sourceTree = "<group>";
		};
		2697DBDF2543B0D200020318 /* Products */ = {
			isa = PBXGroup;
			children = (
				2697DBDE2543B0D200020318 /* FeedRead.app */,
			);
			name = Products;
			sourceTree = "<group>";
		};
		2697DBE02543B0D200020318 /* FeedRead */ = {
			isa = PBXGroup;
			children = (
				2697DBE12543B0D200020318 /* FeedReadApp.swift */,
				2697DBE32543B0D200020318 /* ContentView.swift */,
				2697DBF22543B0E500020318 /* Models */,
				2697DBE52543B0D300020318 /* Assets.xcassets */,
				2697DBEA2543B0D300020318 /* Info.plist */,
				2697DBEB2543B0D300020318 /* FeedRead.entitlements */,
				2697DBE72543B0D300020318 /* Preview Content */,
			);
			path = FeedRead;
			sourceTree = "<group>";
		};
		2697DBE72543B0D300020318 /* Preview Content */ = {
			isa = PBXGroup;
			children = (
				2697DBE82543B0D300020318 /* Preview Assets.xcassets */,
			);
			path = "Preview Content";
			sourceTree = "<group>";
		};
		2697DBF22543B0E500020318 /* Models */ = {
			isa = PBXGroup;
			children = (
				2697DBF32543B0E500020318 /* FeedList.swift */,
				2697DBF42543B0E500020318 /* Links.swift */,
				2697DBF52543B0E500020318 /* FeedReader.swift */,
				2697DBF62543B0E500020318 /* FeedArticle.swift */,
				2697DBF72543B0E500020318 /* Feed.swift */,
				2697DBF82543B0E500020318 /* sample_feed.json */,
			);
			path = Models;
			sourceTree = "<group>";
		};
/* End PBXGroup section */

/* Begin PBXNativeTarget section */
		2697DBDD2543B0D200020318 /* FeedRead */ = {
			isa = PBXNativeTarget;
			buildConfigurationList = 2697DBEE2543B0D300020318 /* Build configuration list for PBXNativeTarget "FeedRead" */;
			buildPhases = (
				2697DBDA2543B0D200020318 /* Sources */,
				2697DBDB2543B0D200020318 /* Frameworks */,
				2697DBDC2543B0D200020318 /* Resources */,
			);
			buildRules = (
			);
			dependencies = (
			);
			name = FeedRead;
			packageProductDependencies = (
				2697DC012543B1DE00020318 /* FeedKit */,
			);
			productName = FeedRead;
			productReference = 2697DBDE2543B0D200020318 /* FeedRead.app */;
			productType = "com.apple.product-type.application";
		};
/* End PBXNativeTarget section */

/* Begin PBXProject section */
		2697DBD62543B0D200020318 /* Project object */ = {
			isa = PBXProject;
			attributes = {
				LastSwiftUpdateCheck = 1220;
				LastUpgradeCheck = 1220;
				TargetAttributes = {
					2697DBDD2543B0D200020318 = {
						CreatedOnToolsVersion = 12.2;
					};
				};
			};
			buildConfigurationList = 2697DBD92543B0D200020318 /* Build configuration list for PBXProject "FeedRead" */;
			compatibilityVersion = "Xcode 9.3";
			developmentRegion = en;
			hasScannedForEncodings = 0;
			knownRegions = (
				en,
				Base,
			);
			mainGroup = 2697DBD52543B0D200020318;
			packageReferences = (
				2697DC002543B1DE00020318 /* XCRemoteSwiftPackageReference "FeedKit" */,
			);
			productRefGroup = 2697DBDF2543B0D200020318 /* Products */;
			projectDirPath = "";
			projectRoot = "";
			targets = (
				2697DBDD2543B0D200020318 /* FeedRead */,
			);
		};
/* End PBXProject section */

/* Begin PBXResourcesBuildPhase section */
		2697DBDC2543B0D200020318 /* Resources */ = {
			isa = PBXResourcesBuildPhase;
			buildActionMask = 2147483647;
			files = (
				2697DBFE2543B0E500020318 /* sample_feed.json in Resources */,
				2697DBE92543B0D300020318 /* Preview Assets.xcassets in Resources */,
				2697DBE62543B0D300020318 /* Assets.xcassets in Resources */,
			);
			runOnlyForDeploymentPostprocessing = 0;
		};
/* End PBXResourcesBuildPhase section */

/* Begin PBXSourcesBuildPhase section */
		2697DBDA2543B0D200020318 /* Sources */ = {
			isa = PBXSourcesBuildPhase;
			buildActionMask = 2147483647;
			files = (
				2697DBFC2543B0E500020318 /* FeedArticle.swift in Sources */,
				2697DBE42543B0D200020318 /* ContentView.swift in Sources */,
				2697DBF92543B0E500020318 /* FeedList.swift in Sources */,
				2697DBFD2543B0E500020318 /* Feed.swift in Sources */,
				2697DBE22543B0D200020318 /* FeedReadApp.swift in Sources */,
				2697DBFA2543B0E500020318 /* Links.swift in Sources */,
				2697DBFB2543B0E500020318 /* FeedReader.swift in Sources */,
			);
			runOnlyForDeploymentPostprocessing = 0;
		};
/* End PBXSourcesBuildPhase section */

/* Begin XCBuildConfiguration section */
		2697DBEC2543B0D300020318 /* Debug */ = {
			isa = XCBuildConfiguration;
			buildSettings = {
				ALWAYS_SEARCH_USER_PATHS = NO;
				CLANG_ANALYZER_NONNULL = YES;
				CLANG_ANALYZER_NUMBER_OBJECT_CONVERSION = YES_AGGRESSIVE;
				CLANG_CXX_LANGUAGE_STANDARD = "gnu++14";
				CLANG_CXX_LIBRARY = "libc++";
				CLANG_ENABLE_MODULES = YES;
				CLANG_ENABLE_OBJC_ARC = YES;
				CLANG_ENABLE_OBJC_WEAK = YES;
				CLANG_WARN_BLOCK_CAPTURE_AUTORELEASING = YES;
				CLANG_WARN_BOOL_CONVERSION = YES;
				CLANG_WARN_COMMA = YES;
				CLANG_WARN_CONSTANT_CONVERSION = YES;
				CLANG_WARN_DEPRECATED_OBJC_IMPLEMENTATIONS = YES;
				CLANG_WARN_DIRECT_OBJC_ISA_USAGE = YES_ERROR;
				CLANG_WARN_DOCUMENTATION_COMMENTS = YES;
				CLANG_WARN_EMPTY_BODY = YES;
				CLANG_WARN_ENUM_CONVERSION = YES;
				CLANG_WARN_INFINITE_RECURSION = YES;
				CLANG_WARN_INT_CONVERSION = YES;
				CLANG_WARN_NON_LITERAL_NULL_CONVERSION = YES;
				CLANG_WARN_OBJC_IMPLICIT_RETAIN_SELF = YES;
				CLANG_WARN_OBJC_LITERAL_CONVERSION = YES;
				CLANG_WARN_OBJC_ROOT_CLASS = YES_ERROR;
				CLANG_WARN_QUOTED_INCLUDE_IN_FRAMEWORK_HEADER = YES;
				CLANG_WARN_RANGE_LOOP_ANALYSIS = YES;
				CLANG_WARN_STRICT_PROTOTYPES = YES;
				CLANG_WARN_SUSPICIOUS_MOVE = YES;
				CLANG_WARN_UNGUARDED_AVAILABILITY = YES_AGGRESSIVE;
				CLANG_WARN_UNREACHABLE_CODE = YES;
				CLANG_WARN__DUPLICATE_METHOD_MATCH = YES;
				COPY_PHASE_STRIP = NO;
				DEBUG_INFORMATION_FORMAT = dwarf;
				ENABLE_STRICT_OBJC_MSGSEND = YES;
				ENABLE_TESTABILITY = YES;
				GCC_C_LANGUAGE_STANDARD = gnu11;
				GCC_DYNAMIC_NO_PIC = NO;
				GCC_NO_COMMON_BLOCKS = YES;
				GCC_OPTIMIZATION_LEVEL = 0;
				GCC_PREPROCESSOR_DEFINITIONS = (
					"DEBUG=1",
					"$(inherited)",
				);
				GCC_WARN_64_TO_32_BIT_CONVERSION = YES;
				GCC_WARN_ABOUT_RETURN_TYPE = YES_ERROR;
				GCC_WARN_UNDECLARED_SELECTOR = YES;
				GCC_WARN_UNINITIALIZED_AUTOS = YES_AGGRESSIVE;
				GCC_WARN_UNUSED_FUNCTION = YES;
				GCC_WARN_UNUSED_VARIABLE = YES;
				MACOSX_DEPLOYMENT_TARGET = 11.0;
				MTL_ENABLE_DEBUG_INFO = INCLUDE_SOURCE;
				MTL_FAST_MATH = YES;
				ONLY_ACTIVE_ARCH = YES;
				SDKROOT = macosx;
				SWIFT_ACTIVE_COMPILATION_CONDITIONS = DEBUG;
				SWIFT_OPTIMIZATION_LEVEL = "-Onone";
			};
			name = Debug;
		};
		2697DBED2543B0D300020318 /* Release */ = {
			isa = XCBuildConfiguration;
			buildSettings = {
				ALWAYS_SEARCH_USER_PATHS = NO;
				CLANG_ANALYZER_NONNULL = YES;
				CLANG_ANALYZER_NUMBER_OBJECT_CONVERSION = YES_AGGRESSIVE;
				CLANG_CXX_LANGUAGE_STANDARD = "gnu++14";
				CLANG_CXX_LIBRARY = "libc++";
				CLANG_ENABLE_MODULES = YES;
				CLANG_ENABLE_OBJC_ARC = YES;
				CLANG_ENABLE_OBJC_WEAK = YES;
				CLANG_WARN_BLOCK_CAPTURE_AUTORELEASING = YES;
				CLANG_WARN_BOOL_CONVERSION = YES;
				CLANG_WARN_COMMA = YES;
				CLANG_WARN_CONSTANT_CONVERSION = YES;
				CLANG_WARN_DEPRECATED_OBJC_IMPLEMENTATIONS = YES;
				CLANG_WARN_DIRECT_OBJC_ISA_USAGE = YES_ERROR;
				CLANG_WARN_DOCUMENTATION_COMMENTS = YES;
				CLANG_WARN_EMPTY_BODY = YES;
				CLANG_WARN_ENUM_CONVERSION = YES;
				CLANG_WARN_INFINITE_RECURSION = YES;
				CLANG_WARN_INT_CONVERSION = YES;
				CLANG_WARN_NON_LITERAL_NULL_CONVERSION = YES;
				CLANG_WARN_OBJC_IMPLICIT_RETAIN_SELF = YES;
				CLANG_WARN_OBJC_LITERAL_CONVERSION = YES;
				CLANG_WARN_OBJC_ROOT_CLASS = YES_ERROR;
				CLANG_WARN_QUOTED_INCLUDE_IN_FRAMEWORK_HEADER = YES;
				CLANG_WARN_RANGE_LOOP_ANALYSIS = YES;
				CLANG_WARN_STRICT_PROTOTYPES = YES;
				CLANG_WARN_SUSPICIOUS_MOVE = YES;
				CLANG_WARN_UNGUARDED_AVAILABILITY = YES_AGGRESSIVE;
				CLANG_WARN_UNREACHABLE_CODE = YES;
				CLANG_WARN__DUPLICATE_METHOD_MATCH = YES;
				COPY_PHASE_STRIP = NO;
				DEBUG_INFORMATION_FORMAT = "dwarf-with-dsym";
				ENABLE_NS_ASSERTIONS = NO;
				ENABLE_STRICT_OBJC_MSGSEND = YES;
				GCC_C_LANGUAGE_STANDARD = gnu11;
				GCC_NO_COMMON_BLOCKS = YES;
				GCC_WARN_64_TO_32_BIT_CONVERSION = YES;
				GCC_WARN_ABOUT_RETURN_TYPE = YES_ERROR;
				GCC_WARN_UNDECLARED_SELECTOR = YES;
				GCC_WARN_UNINITIALIZED_AUTOS = YES_AGGRESSIVE;
				GCC_WARN_UNUSED_FUNCTION = YES;
				GCC_WARN_UNUSED_VARIABLE = YES;
				MACOSX_DEPLOYMENT_TARGET = 11.0;
				MTL_ENABLE_DEBUG_INFO = NO;
				MTL_FAST_MATH = YES;
				SDKROOT = macosx;
				SWIFT_COMPILATION_MODE = wholemodule;
				SWIFT_OPTIMIZATION_LEVEL = "-O";
			};
			name = Release;
		};
		2697DBEF2543B0D300020318 /* Debug */ = {
			isa = XCBuildConfiguration;
			buildSettings = {
				ASSETCATALOG_COMPILER_APPICON_NAME = AppIcon;
				ASSETCATALOG_COMPILER_GLOBAL_ACCENT_COLOR_NAME = AccentColor;
				CODE_SIGN_ENTITLEMENTS = FeedRead/FeedRead.entitlements;
				CODE_SIGN_STYLE = Automatic;
				COMBINE_HIDPI_IMAGES = YES;
				DEVELOPMENT_ASSET_PATHS = "\"FeedRead/Preview Content\"";
				ENABLE_PREVIEWS = YES;
				INFOPLIST_FILE = FeedRead/Info.plist;
				LD_RUNPATH_SEARCH_PATHS = (
					"$(inherited)",
					"@executable_path/../Frameworks",
				);
				MACOSX_DEPLOYMENT_TARGET = 11.0;
				PRODUCT_BUNDLE_IDENTIFIER = net.troz.FeedRead;
				PRODUCT_NAME = "$(TARGET_NAME)";
				SWIFT_VERSION = 5.0;
			};
			name = Debug;
		};
		2697DBF02543B0D300020318 /* Release */ = {
			isa = XCBuildConfiguration;
			buildSettings = {
				ASSETCATALOG_COMPILER_APPICON_NAME = AppIcon;
				ASSETCATALOG_COMPILER_GLOBAL_ACCENT_COLOR_NAME = AccentColor;
				CODE_SIGN_ENTITLEMENTS = FeedRead/FeedRead.entitlements;
				CODE_SIGN_STYLE = Automatic;
				COMBINE_HIDPI_IMAGES = YES;
				DEVELOPMENT_ASSET_PATHS = "\"FeedRead/Preview Content\"";
				ENABLE_PREVIEWS = YES;
				INFOPLIST_FILE = FeedRead/Info.plist;
				LD_RUNPATH_SEARCH_PATHS = (
					"$(inherited)",
					"@executable_path/../Frameworks",
				);
				MACOSX_DEPLOYMENT_TARGET = 11.0;
				PRODUCT_BUNDLE_IDENTIFIER = net.troz.FeedRead;
				PRODUCT_NAME = "$(TARGET_NAME)";
				SWIFT_VERSION = 5.0;
			};
			name = Release;
		};
/* End XCBuildConfiguration section */

/* Begin XCConfigurationList section */
		2697DBD92543B0D200020318 /* Build configuration list for PBXProject "FeedRead" */ = {
			isa = XCConfigurationList;
			buildConfigurations = (
				2697DBEC2543B0D300020318 /* Debug */,
				2697DBED2543B0D300020318 /* Release */,
			);
			defaultConfigurationIsVisible = 0;
			defaultConfigurationName = Release;
		};
		2697DBEE2543B0D300020318 /* Build configuration list for PBXNativeTarget "FeedRead" */ = {
			isa = XCConfigurationList;
			buildConfigurations = (
				2697DBEF2543B0D300020318 /* Debug */,
				2697DBF02543B0D300020318 /* Release */,
			);
			defaultConfigurationIsVisible = 0;
			defaultConfigurationName = Release;
		};
/* End XCConfigurationList section */

/* Begin XCRemoteSwiftPackageReference section */
		2697DC002543B1DE00020318 /* XCRemoteSwiftPackageReference "FeedKit" */ = {
			isa = XCRemoteSwiftPackageReference;
			repositoryURL = "https://github.com/nmdias/FeedKit";
			requirement = {
				kind = upToNextMajorVersion;
				minimumVersion = 9.1.2;
			};
		};
/* End XCRemoteSwiftPackageReference section */

/* Begin XCSwiftPackageProductDependency section */
		2697DC012543B1DE00020318 /* FeedKit */ = {
			isa = XCSwiftPackageProductDependency;
			package = 2697DC002543B1DE00020318 /* XCRemoteSwiftPackageReference "FeedKit" */;
			productName = FeedKit;
		};
/* End XCSwiftPackageProductDependency section */
	};
	rootObject = 2697DBD62543B0D200020318 /* Project object */;
}
